
Microsoft Visual Studio Solution File, Format Version 12.00
# Visual Studio Version 16
VisualStudioVersion = 16.0.29201.188
MinimumVisualStudioVersion = 10.0.40219.1
Project("{FAE04EC0-301F-11D3-BF4B-00C04F79EFBC}") = "HR_jumpingOnClouds", "HR_jumpingOnClouds.csproj", "{AD12CE81-8A23-467E-8F06-BEA6C1C7520A}"
EndProject
Global
	GlobalSection(SolutionConfigurationPlatforms) = preSolution
		Debug|Any CPU = Debug|Any CPU
		Release|Any CPU = Release|Any CPU
	EndGlobalSection
	GlobalSection(ProjectConfigurationPlatforms) = postSolution
		{AD12CE81-8A23-467E-8F06-BEA6C1C7520A}.Debug|Any CPU.ActiveCfg = Debug|Any CPU
		{AD12CE81-8A23-467E-8F06-BEA6C1C7520A}.Debug|Any CPU.Build.0 = Debug|Any CPU
		{AD12CE81-8A23-467E-8F06-BEA6C1C7520A}.Release|Any CPU.ActiveCfg = Release|Any CPU
		{AD12CE81-8A23-467E-8F06-BEA6C1C7520A}.Release|Any CPU.Build.0 = Release|Any CPU
	EndGlobalSection
	GlobalSection(SolutionProperties) = preSolution
		HideSolutionNode = FALSE
	EndGlobalSection
	GlobalSection(ExtensibilityGlobals) = postSolution
		SolutionGuid = {777091D0-E33B-495A-9717-131C2EDDCF95}
	EndGlobalSection
EndGlobal
